// !$*UTF8*$!
{
	archiveVersion = 1;
	classes = {
	};
	objectVersion = 55;
	objects = {

/* Begin PBXBuildFile section */
		23D154682817072600C13748 /* HTTPMethod.swift in Sources */ = {isa = PBXBuildFile; fileRef = 23D154662817072600C13748 /* HTTPMethod.swift */; };
		23D154692817072600C13748 /* HTTPHeader.swift in Sources */ = {isa = PBXBuildFile; fileRef = 23D154672817072600C13748 /* HTTPHeader.swift */; };
		23D1546C2817074800C13748 /* Endpoint.swift in Sources */ = {isa = PBXBuildFile; fileRef = 23D1546A2817074700C13748 /* Endpoint.swift */; };
		23D154712817087200C13748 /* LikeType.swift in Sources */ = {isa = PBXBuildFile; fileRef = 23D1546F2817087200C13748 /* LikeType.swift */; };
		23F5F9E828170AB10080B9F0 /* EpisodesListStore.swift in Sources */ = {isa = PBXBuildFile; fileRef = 23F5F9E528170AB10080B9F0 /* EpisodesListStore.swift */; };
		23F5F9E928170AB10080B9F0 /* EpisodesListItemView.swift in Sources */ = {isa = PBXBuildFile; fileRef = 23F5F9E628170AB10080B9F0 /* EpisodesListItemView.swift */; };
		23F5F9EA28170AB10080B9F0 /* EpisodesListView.swift in Sources */ = {isa = PBXBuildFile; fileRef = 23F5F9E728170AB10080B9F0 /* EpisodesListView.swift */; };
		23F5F9EF28170AE20080B9F0 /* EpisodeDetailView.swift in Sources */ = {isa = PBXBuildFile; fileRef = 23F5F9EC28170AE20080B9F0 /* EpisodeDetailView.swift */; };
		23F5F9F028170AE20080B9F0 /* EpisodeDetailCharacterView.swift in Sources */ = {isa = PBXBuildFile; fileRef = 23F5F9ED28170AE20080B9F0 /* EpisodeDetailCharacterView.swift */; };
		23F5F9F128170AE20080B9F0 /* EpisodeDetailStore.swift in Sources */ = {isa = PBXBuildFile; fileRef = 23F5F9EE28170AE20080B9F0 /* EpisodeDetailStore.swift */; };
		23F5F9F428170B430080B9F0 /* Like+Mock.swift in Sources */ = {isa = PBXBuildFile; fileRef = 23F5F9F328170B430080B9F0 /* Like+Mock.swift */; };
		23F5F9FC28170B650080B9F0 /* NSManagedObject+Convenience.swift in Sources */ = {isa = PBXBuildFile; fileRef = 23F5F9F628170B650080B9F0 /* NSManagedObject+Convenience.swift */; };
		23F5F9FD28170B650080B9F0 /* Likeable.swift in Sources */ = {isa = PBXBuildFile; fileRef = 23F5F9F728170B650080B9F0 /* Likeable.swift */; };
		23F5F9FE28170B650080B9F0 /* CoreDataManager.swift in Sources */ = {isa = PBXBuildFile; fileRef = 23F5F9F828170B650080B9F0 /* CoreDataManager.swift */; };
		23F5F9FF28170B650080B9F0 /* EntityLiking.swift in Sources */ = {isa = PBXBuildFile; fileRef = 23F5F9F928170B650080B9F0 /* EntityLiking.swift */; };
		23F5FA0528170B870080B9F0 /* LikesItemView.swift in Sources */ = {isa = PBXBuildFile; fileRef = 23F5FA0228170B870080B9F0 /* LikesItemView.swift */; };
		23F5FA0628170B870080B9F0 /* LikesView.swift in Sources */ = {isa = PBXBuildFile; fileRef = 23F5FA0328170B870080B9F0 /* LikesView.swift */; };
		23F5FA0728170B870080B9F0 /* LikesStore.swift in Sources */ = {isa = PBXBuildFile; fileRef = 23F5FA0428170B870080B9F0 /* LikesStore.swift */; };
		23F5FA0D28170BCE0080B9F0 /* LocationDetailStore.swift in Sources */ = {isa = PBXBuildFile; fileRef = 23F5FA0A28170BCE0080B9F0 /* LocationDetailStore.swift */; };
		23F5FA0E28170BCE0080B9F0 /* LocationDetailResidentView.swift in Sources */ = {isa = PBXBuildFile; fileRef = 23F5FA0B28170BCE0080B9F0 /* LocationDetailResidentView.swift */; };
		23F5FA0F28170BCE0080B9F0 /* LocationDetailView.swift in Sources */ = {isa = PBXBuildFile; fileRef = 23F5FA0C28170BCE0080B9F0 /* LocationDetailView.swift */; };
		23F5FA1328170BD40080B9F0 /* LocationsListStore.swift in Sources */ = {isa = PBXBuildFile; fileRef = 23F5FA1028170BD40080B9F0 /* LocationsListStore.swift */; };
		23F5FA1428170BD40080B9F0 /* LocationsListView.swift in Sources */ = {isa = PBXBuildFile; fileRef = 23F5FA1128170BD40080B9F0 /* LocationsListView.swift */; };
		23F5FA1528170BD40080B9F0 /* LocationsListitemView.swift in Sources */ = {isa = PBXBuildFile; fileRef = 23F5FA1228170BD40080B9F0 /* LocationsListitemView.swift */; };
		23F5FA1828170C1E0080B9F0 /* Likes.xcdatamodeld in Sources */ = {isa = PBXBuildFile; fileRef = 23F5FA1628170C1E0080B9F0 /* Likes.xcdatamodeld */; };
		23F5FA1B28170DA80080B9F0 /* RickAndMorty.xcdatamodeld in Sources */ = {isa = PBXBuildFile; fileRef = 23F5FA1928170DA80080B9F0 /* RickAndMorty.xcdatamodeld */; };
		23F5FA2028170DC20080B9F0 /* CharactersRouter.swift in Sources */ = {isa = PBXBuildFile; fileRef = 23F5FA1D28170DC20080B9F0 /* CharactersRouter.swift */; };
		23F5FA2128170DC20080B9F0 /* EpisodesRouter.swift in Sources */ = {isa = PBXBuildFile; fileRef = 23F5FA1E28170DC20080B9F0 /* EpisodesRouter.swift */; };
		23F5FA2228170DC20080B9F0 /* LocationsRouter.swift in Sources */ = {isa = PBXBuildFile; fileRef = 23F5FA1F28170DC20080B9F0 /* LocationsRouter.swift */; };
		2FF6108727A5A74E000D4A8B /* RickAndMortyApp.swift in Sources */ = {isa = PBXBuildFile; fileRef = 2FF6108627A5A74E000D4A8B /* RickAndMortyApp.swift */; };
		2FF6108927A5A74E000D4A8B /* ContentView.swift in Sources */ = {isa = PBXBuildFile; fileRef = 2FF6108827A5A74E000D4A8B /* ContentView.swift */; };
		2FF6108B27A5A74F000D4A8B /* Assets.xcassets in Resources */ = {isa = PBXBuildFile; fileRef = 2FF6108A27A5A74F000D4A8B /* Assets.xcassets */; };
		2FF6108E27A5A74F000D4A8B /* Preview Assets.xcassets in Resources */ = {isa = PBXBuildFile; fileRef = 2FF6108D27A5A74F000D4A8B /* Preview Assets.xcassets */; };
		2FF6109A27A5A7D1000D4A8B /* Constants.swift in Sources */ = {isa = PBXBuildFile; fileRef = 2FF6109927A5A7D1000D4A8B /* Constants.swift */; };
		2FF610A227A5A8CB000D4A8B /* APIError.swift in Sources */ = {isa = PBXBuildFile; fileRef = 2FF610A127A5A8CB000D4A8B /* APIError.swift */; };
		2FF610AA27A5D1EC000D4A8B /* CharactersListView.swift in Sources */ = {isa = PBXBuildFile; fileRef = 2FF610A927A5D1EC000D4A8B /* CharactersListView.swift */; };
		2FF610B327A5D299000D4A8B /* CharactersListStore.swift in Sources */ = {isa = PBXBuildFile; fileRef = 2FF610B227A5D299000D4A8B /* CharactersListStore.swift */; };
		2FF610B527A5D2DB000D4A8B /* APIManager.swift in Sources */ = {isa = PBXBuildFile; fileRef = 2FF610B427A5D2DB000D4A8B /* APIManager.swift */; };
		2FF610B727A5D37C000D4A8B /* Character.swift in Sources */ = {isa = PBXBuildFile; fileRef = 2FF610B627A5D37C000D4A8B /* Character.swift */; };
		2FF610BA27A5D3C7000D4A8B /* Injected.swift in Sources */ = {isa = PBXBuildFile; fileRef = 2FF610B927A5D3C7000D4A8B /* Injected.swift */; };
		2FF610BC27A5D3D7000D4A8B /* DIContainer.swift in Sources */ = {isa = PBXBuildFile; fileRef = 2FF610BB27A5D3D7000D4A8B /* DIContainer.swift */; };
		2FF610BF27A5D4E4000D4A8B /* Logger.swift in Sources */ = {isa = PBXBuildFile; fileRef = 2FF610BE27A5D4E4000D4A8B /* Logger.swift */; };
		2FF610C327A5DC17000D4A8B /* PaginatedResponse.swift in Sources */ = {isa = PBXBuildFile; fileRef = 2FF610C227A5DC17000D4A8B /* PaginatedResponse.swift */; };
		2FF610C527A5DD38000D4A8B /* CharactersListRowItemView.swift in Sources */ = {isa = PBXBuildFile; fileRef = 2FF610C427A5DD38000D4A8B /* CharactersListRowItemView.swift */; };
		2FF610C727A5E010000D4A8B /* PaginationInfo.swift in Sources */ = {isa = PBXBuildFile; fileRef = 2FF610C627A5E010000D4A8B /* PaginationInfo.swift */; };
		2FF610CA27A5E146000D4A8B /* URL+Convenience.swift in Sources */ = {isa = PBXBuildFile; fileRef = 2FF610C927A5E146000D4A8B /* URL+Convenience.swift */; };
		2FF610D027A5E871000D4A8B /* Episode.swift in Sources */ = {isa = PBXBuildFile; fileRef = 2FF610CF27A5E871000D4A8B /* Episode.swift */; };
		2FF610D627A5EDDD000D4A8B /* OnFirstAppearViewModifier.swift in Sources */ = {isa = PBXBuildFile; fileRef = 2FF610D527A5EDDD000D4A8B /* OnFirstAppearViewModifier.swift */; };
		2FF610DE27A5EEEC000D4A8B /* Location.swift in Sources */ = {isa = PBXBuildFile; fileRef = 2FF610DD27A5EEEC000D4A8B /* Location.swift */; };
		2FF610E327A5F2CD000D4A8B /* BackgroundGradientView.swift in Sources */ = {isa = PBXBuildFile; fileRef = 2FF610E227A5F2CD000D4A8B /* BackgroundGradientView.swift */; };
		2FF610E627A5F325000D4A8B /* Color+App.swift in Sources */ = {isa = PBXBuildFile; fileRef = 2FF610E527A5F325000D4A8B /* Color+App.swift */; };
		2FF610EB27A5F5F2000D4A8B /* Font+App.swift in Sources */ = {isa = PBXBuildFile; fileRef = 2FF610EA27A5F5F2000D4A8B /* Font+App.swift */; };
		2FF610EE27A5F6C1000D4A8B /* ClashDisplay.ttf in Resources */ = {isa = PBXBuildFile; fileRef = 2FF610EC27A5F6C1000D4A8B /* ClashDisplay.ttf */; };
		2FF610EF27A5F6C1000D4A8B /* Satoshi.ttf in Resources */ = {isa = PBXBuildFile; fileRef = 2FF610ED27A5F6C1000D4A8B /* Satoshi.ttf */; };
		2FF610F127A60C54000D4A8B /* CharactersListGridItemView.swift in Sources */ = {isa = PBXBuildFile; fileRef = 2FF610F027A60C54000D4A8B /* CharactersListGridItemView.swift */; };
		2FF610F427A60FCF000D4A8B /* SDWebImageSwiftUI in Frameworks */ = {isa = PBXBuildFile; productRef = 2FF610F327A60FCF000D4A8B /* SDWebImageSwiftUI */; };
		2FF610F727A6131E000D4A8B /* CharacterDetailView.swift in Sources */ = {isa = PBXBuildFile; fileRef = 2FF610F627A6131E000D4A8B /* CharacterDetailView.swift */; };
		2FF610F927A61468000D4A8B /* UINavigationController+BackButton.swift in Sources */ = {isa = PBXBuildFile; fileRef = 2FF610F827A61468000D4A8B /* UINavigationController+BackButton.swift */; };
		2FF610FE27A62013000D4A8B /* CharacterDetailStore.swift in Sources */ = {isa = PBXBuildFile; fileRef = 2FF610FD27A62013000D4A8B /* CharacterDetailStore.swift */; };
		2FF6110427A6D118000D4A8B /* CharacterDetailEpisodeView.swift in Sources */ = {isa = PBXBuildFile; fileRef = 2FF6110327A6D118000D4A8B /* CharacterDetailEpisodeView.swift */; };
		2FF6110627A6DED5000D4A8B /* CharacterOrigin.swift in Sources */ = {isa = PBXBuildFile; fileRef = 2FF6110527A6DED5000D4A8B /* CharacterOrigin.swift */; };
		2FF6110827A6DF1F000D4A8B /* CharacterLocation.swift in Sources */ = {isa = PBXBuildFile; fileRef = 2FF6110727A6DF1F000D4A8B /* CharacterLocation.swift */; };
		2FF6110A27A6E1AA000D4A8B /* Alignment+Custom.swift in Sources */ = {isa = PBXBuildFile; fileRef = 2FF6110927A6E1AA000D4A8B /* Alignment+Custom.swift */; };
		2FF6112527A70B2C000D4A8B /* ProvidedData.swift in Sources */ = {isa = PBXBuildFile; fileRef = 2FF6112427A70B2C000D4A8B /* ProvidedData.swift */; };
		59A5AF722809DB3500554435 /* Apollo in Frameworks */ = {isa = PBXBuildFile; productRef = 59A5AF712809DB3500554435 /* Apollo */; };
		59FF198D280AEBF200335E94 /* API.swift in Sources */ = {isa = PBXBuildFile; fileRef = 59FF198C280AEBF200335E94 /* API.swift */; };
/* End PBXBuildFile section */

/* Begin PBXFileReference section */
		23D154662817072600C13748 /* HTTPMethod.swift */ = {isa = PBXFileReference; fileEncoding = 4; lastKnownFileType = sourcecode.swift; path = HTTPMethod.swift; sourceTree = "<group>"; };
		23D154672817072600C13748 /* HTTPHeader.swift */ = {isa = PBXFileReference; fileEncoding = 4; lastKnownFileType = sourcecode.swift; path = HTTPHeader.swift; sourceTree = "<group>"; };
		23D1546A2817074700C13748 /* Endpoint.swift */ = {isa = PBXFileReference; fileEncoding = 4; lastKnownFileType = sourcecode.swift; path = Endpoint.swift; sourceTree = "<group>"; };
		23D1546F2817087200C13748 /* LikeType.swift */ = {isa = PBXFileReference; fileEncoding = 4; lastKnownFileType = sourcecode.swift; path = LikeType.swift; sourceTree = "<group>"; };
		23F5F9E528170AB10080B9F0 /* EpisodesListStore.swift */ = {isa = PBXFileReference; fileEncoding = 4; lastKnownFileType = sourcecode.swift; path = EpisodesListStore.swift; sourceTree = "<group>"; };
		23F5F9E628170AB10080B9F0 /* EpisodesListItemView.swift */ = {isa = PBXFileReference; fileEncoding = 4; lastKnownFileType = sourcecode.swift; path = EpisodesListItemView.swift; sourceTree = "<group>"; };
		23F5F9E728170AB10080B9F0 /* EpisodesListView.swift */ = {isa = PBXFileReference; fileEncoding = 4; lastKnownFileType = sourcecode.swift; path = EpisodesListView.swift; sourceTree = "<group>"; };
		23F5F9EC28170AE20080B9F0 /* EpisodeDetailView.swift */ = {isa = PBXFileReference; fileEncoding = 4; lastKnownFileType = sourcecode.swift; path = EpisodeDetailView.swift; sourceTree = "<group>"; };
		23F5F9ED28170AE20080B9F0 /* EpisodeDetailCharacterView.swift */ = {isa = PBXFileReference; fileEncoding = 4; lastKnownFileType = sourcecode.swift; path = EpisodeDetailCharacterView.swift; sourceTree = "<group>"; };
		23F5F9EE28170AE20080B9F0 /* EpisodeDetailStore.swift */ = {isa = PBXFileReference; fileEncoding = 4; lastKnownFileType = sourcecode.swift; path = EpisodeDetailStore.swift; sourceTree = "<group>"; };
		23F5F9F328170B430080B9F0 /* Like+Mock.swift */ = {isa = PBXFileReference; fileEncoding = 4; lastKnownFileType = sourcecode.swift; path = "Like+Mock.swift"; sourceTree = "<group>"; };
		23F5F9F628170B650080B9F0 /* NSManagedObject+Convenience.swift */ = {isa = PBXFileReference; fileEncoding = 4; lastKnownFileType = sourcecode.swift; path = "NSManagedObject+Convenience.swift"; sourceTree = "<group>"; };
		23F5F9F728170B650080B9F0 /* Likeable.swift */ = {isa = PBXFileReference; fileEncoding = 4; lastKnownFileType = sourcecode.swift; path = Likeable.swift; sourceTree = "<group>"; };
		23F5F9F828170B650080B9F0 /* CoreDataManager.swift */ = {isa = PBXFileReference; fileEncoding = 4; lastKnownFileType = sourcecode.swift; path = CoreDataManager.swift; sourceTree = "<group>"; };
		23F5F9F928170B650080B9F0 /* EntityLiking.swift */ = {isa = PBXFileReference; fileEncoding = 4; lastKnownFileType = sourcecode.swift; path = EntityLiking.swift; sourceTree = "<group>"; };
		23F5FA0228170B870080B9F0 /* LikesItemView.swift */ = {isa = PBXFileReference; fileEncoding = 4; lastKnownFileType = sourcecode.swift; path = LikesItemView.swift; sourceTree = "<group>"; };
		23F5FA0328170B870080B9F0 /* LikesView.swift */ = {isa = PBXFileReference; fileEncoding = 4; lastKnownFileType = sourcecode.swift; path = LikesView.swift; sourceTree = "<group>"; };
		23F5FA0428170B870080B9F0 /* LikesStore.swift */ = {isa = PBXFileReference; fileEncoding = 4; lastKnownFileType = sourcecode.swift; path = LikesStore.swift; sourceTree = "<group>"; };
		23F5FA0A28170BCE0080B9F0 /* LocationDetailStore.swift */ = {isa = PBXFileReference; fileEncoding = 4; lastKnownFileType = sourcecode.swift; path = LocationDetailStore.swift; sourceTree = "<group>"; };
		23F5FA0B28170BCE0080B9F0 /* LocationDetailResidentView.swift */ = {isa = PBXFileReference; fileEncoding = 4; lastKnownFileType = sourcecode.swift; path = LocationDetailResidentView.swift; sourceTree = "<group>"; };
		23F5FA0C28170BCE0080B9F0 /* LocationDetailView.swift */ = {isa = PBXFileReference; fileEncoding = 4; lastKnownFileType = sourcecode.swift; path = LocationDetailView.swift; sourceTree = "<group>"; };
		23F5FA1028170BD40080B9F0 /* LocationsListStore.swift */ = {isa = PBXFileReference; fileEncoding = 4; lastKnownFileType = sourcecode.swift; path = LocationsListStore.swift; sourceTree = "<group>"; };
		23F5FA1128170BD40080B9F0 /* LocationsListView.swift */ = {isa = PBXFileReference; fileEncoding = 4; lastKnownFileType = sourcecode.swift; path = LocationsListView.swift; sourceTree = "<group>"; };
		23F5FA1228170BD40080B9F0 /* LocationsListitemView.swift */ = {isa = PBXFileReference; fileEncoding = 4; lastKnownFileType = sourcecode.swift; path = LocationsListitemView.swift; sourceTree = "<group>"; };
		23F5FA1728170C1E0080B9F0 /* Likes.xcdatamodel */ = {isa = PBXFileReference; lastKnownFileType = wrapper.xcdatamodel; path = Likes.xcdatamodel; sourceTree = "<group>"; };
		23F5FA1A28170DA80080B9F0 /* RickAndMorty.xcdatamodel */ = {isa = PBXFileReference; lastKnownFileType = wrapper.xcdatamodel; path = RickAndMorty.xcdatamodel; sourceTree = "<group>"; };
		23F5FA1D28170DC20080B9F0 /* CharactersRouter.swift */ = {isa = PBXFileReference; fileEncoding = 4; lastKnownFileType = sourcecode.swift; path = CharactersRouter.swift; sourceTree = "<group>"; };
		23F5FA1E28170DC20080B9F0 /* EpisodesRouter.swift */ = {isa = PBXFileReference; fileEncoding = 4; lastKnownFileType = sourcecode.swift; path = EpisodesRouter.swift; sourceTree = "<group>"; };
		23F5FA1F28170DC20080B9F0 /* LocationsRouter.swift */ = {isa = PBXFileReference; fileEncoding = 4; lastKnownFileType = sourcecode.swift; path = LocationsRouter.swift; sourceTree = "<group>"; };
		2FF6108327A5A74E000D4A8B /* RickAndMorty.app */ = {isa = PBXFileReference; explicitFileType = wrapper.application; includeInIndex = 0; path = RickAndMorty.app; sourceTree = BUILT_PRODUCTS_DIR; };
		2FF6108627A5A74E000D4A8B /* RickAndMortyApp.swift */ = {isa = PBXFileReference; lastKnownFileType = sourcecode.swift; path = RickAndMortyApp.swift; sourceTree = "<group>"; };
		2FF6108827A5A74E000D4A8B /* ContentView.swift */ = {isa = PBXFileReference; lastKnownFileType = sourcecode.swift; path = ContentView.swift; sourceTree = "<group>"; };
		2FF6108A27A5A74F000D4A8B /* Assets.xcassets */ = {isa = PBXFileReference; lastKnownFileType = folder.assetcatalog; path = Assets.xcassets; sourceTree = "<group>"; };
		2FF6108D27A5A74F000D4A8B /* Preview Assets.xcassets */ = {isa = PBXFileReference; lastKnownFileType = folder.assetcatalog; path = "Preview Assets.xcassets"; sourceTree = "<group>"; };
		2FF6109927A5A7D1000D4A8B /* Constants.swift */ = {isa = PBXFileReference; lastKnownFileType = sourcecode.swift; path = Constants.swift; sourceTree = "<group>"; };
		2FF610A127A5A8CB000D4A8B /* APIError.swift */ = {isa = PBXFileReference; lastKnownFileType = sourcecode.swift; path = APIError.swift; sourceTree = "<group>"; };
		2FF610A927A5D1EC000D4A8B /* CharactersListView.swift */ = {isa = PBXFileReference; lastKnownFileType = sourcecode.swift; path = CharactersListView.swift; sourceTree = "<group>"; };
		2FF610B227A5D299000D4A8B /* CharactersListStore.swift */ = {isa = PBXFileReference; lastKnownFileType = sourcecode.swift; path = CharactersListStore.swift; sourceTree = "<group>"; };
		2FF610B427A5D2DB000D4A8B /* APIManager.swift */ = {isa = PBXFileReference; lastKnownFileType = sourcecode.swift; path = APIManager.swift; sourceTree = "<group>"; };
		2FF610B627A5D37C000D4A8B /* Character.swift */ = {isa = PBXFileReference; lastKnownFileType = sourcecode.swift; path = Character.swift; sourceTree = "<group>"; };
		2FF610B927A5D3C7000D4A8B /* Injected.swift */ = {isa = PBXFileReference; lastKnownFileType = sourcecode.swift; path = Injected.swift; sourceTree = "<group>"; };
		2FF610BB27A5D3D7000D4A8B /* DIContainer.swift */ = {isa = PBXFileReference; lastKnownFileType = sourcecode.swift; path = DIContainer.swift; sourceTree = "<group>"; };
		2FF610BE27A5D4E4000D4A8B /* Logger.swift */ = {isa = PBXFileReference; lastKnownFileType = sourcecode.swift; path = Logger.swift; sourceTree = "<group>"; };
		2FF610C227A5DC17000D4A8B /* PaginatedResponse.swift */ = {isa = PBXFileReference; lastKnownFileType = sourcecode.swift; path = PaginatedResponse.swift; sourceTree = "<group>"; };
		2FF610C427A5DD38000D4A8B /* CharactersListRowItemView.swift */ = {isa = PBXFileReference; lastKnownFileType = sourcecode.swift; path = CharactersListRowItemView.swift; sourceTree = "<group>"; };
		2FF610C627A5E010000D4A8B /* PaginationInfo.swift */ = {isa = PBXFileReference; lastKnownFileType = sourcecode.swift; path = PaginationInfo.swift; sourceTree = "<group>"; };
		2FF610C927A5E146000D4A8B /* URL+Convenience.swift */ = {isa = PBXFileReference; lastKnownFileType = sourcecode.swift; path = "URL+Convenience.swift"; sourceTree = "<group>"; };
		2FF610CF27A5E871000D4A8B /* Episode.swift */ = {isa = PBXFileReference; lastKnownFileType = sourcecode.swift; path = Episode.swift; sourceTree = "<group>"; };
		2FF610D527A5EDDD000D4A8B /* OnFirstAppearViewModifier.swift */ = {isa = PBXFileReference; lastKnownFileType = sourcecode.swift; path = OnFirstAppearViewModifier.swift; sourceTree = "<group>"; };
		2FF610DD27A5EEEC000D4A8B /* Location.swift */ = {isa = PBXFileReference; lastKnownFileType = sourcecode.swift; path = Location.swift; sourceTree = "<group>"; };
		2FF610E227A5F2CD000D4A8B /* BackgroundGradientView.swift */ = {isa = PBXFileReference; lastKnownFileType = sourcecode.swift; path = BackgroundGradientView.swift; sourceTree = "<group>"; };
		2FF610E527A5F325000D4A8B /* Color+App.swift */ = {isa = PBXFileReference; lastKnownFileType = sourcecode.swift; path = "Color+App.swift"; sourceTree = "<group>"; };
		2FF610E927A5F5BA000D4A8B /* Info.plist */ = {isa = PBXFileReference; lastKnownFileType = text.plist.xml; path = Info.plist; sourceTree = "<group>"; };
		2FF610EA27A5F5F2000D4A8B /* Font+App.swift */ = {isa = PBXFileReference; lastKnownFileType = sourcecode.swift; path = "Font+App.swift"; sourceTree = "<group>"; };
		2FF610EC27A5F6C1000D4A8B /* ClashDisplay.ttf */ = {isa = PBXFileReference; lastKnownFileType = file; path = ClashDisplay.ttf; sourceTree = "<group>"; };
		2FF610ED27A5F6C1000D4A8B /* Satoshi.ttf */ = {isa = PBXFileReference; lastKnownFileType = file; path = Satoshi.ttf; sourceTree = "<group>"; };
		2FF610F027A60C54000D4A8B /* CharactersListGridItemView.swift */ = {isa = PBXFileReference; lastKnownFileType = sourcecode.swift; path = CharactersListGridItemView.swift; sourceTree = "<group>"; };
		2FF610F627A6131E000D4A8B /* CharacterDetailView.swift */ = {isa = PBXFileReference; lastKnownFileType = sourcecode.swift; path = CharacterDetailView.swift; sourceTree = "<group>"; };
		2FF610F827A61468000D4A8B /* UINavigationController+BackButton.swift */ = {isa = PBXFileReference; lastKnownFileType = sourcecode.swift; path = "UINavigationController+BackButton.swift"; sourceTree = "<group>"; };
		2FF610FD27A62013000D4A8B /* CharacterDetailStore.swift */ = {isa = PBXFileReference; lastKnownFileType = sourcecode.swift; path = CharacterDetailStore.swift; sourceTree = "<group>"; };
		2FF6110327A6D118000D4A8B /* CharacterDetailEpisodeView.swift */ = {isa = PBXFileReference; lastKnownFileType = sourcecode.swift; path = CharacterDetailEpisodeView.swift; sourceTree = "<group>"; };
		2FF6110527A6DED5000D4A8B /* CharacterOrigin.swift */ = {isa = PBXFileReference; lastKnownFileType = sourcecode.swift; path = CharacterOrigin.swift; sourceTree = "<group>"; };
		2FF6110727A6DF1F000D4A8B /* CharacterLocation.swift */ = {isa = PBXFileReference; lastKnownFileType = sourcecode.swift; path = CharacterLocation.swift; sourceTree = "<group>"; };
		2FF6110927A6E1AA000D4A8B /* Alignment+Custom.swift */ = {isa = PBXFileReference; lastKnownFileType = sourcecode.swift; path = "Alignment+Custom.swift"; sourceTree = "<group>"; };
		2FF6112427A70B2C000D4A8B /* ProvidedData.swift */ = {isa = PBXFileReference; lastKnownFileType = sourcecode.swift; path = ProvidedData.swift; sourceTree = "<group>"; };
		59906C542809D96D00DBD96B /* LectureREST.playground */ = {isa = PBXFileReference; lastKnownFileType = file.playground; path = LectureREST.playground; sourceTree = "<group>"; xcLanguageSpecificationIdentifier = xcode.lang.swift; };
		59906C552809DA6C00DBD96B /* LectureGraphQL.playground */ = {isa = PBXFileReference; lastKnownFileType = file.playground; path = LectureGraphQL.playground; sourceTree = "<group>"; xcLanguageSpecificationIdentifier = xcode.lang.swift; };
		59FF1989280AEA9C00335E94 /* Characters.graphql */ = {isa = PBXFileReference; lastKnownFileType = text; path = Characters.graphql; sourceTree = "<group>"; };
		59FF198C280AEBF200335E94 /* API.swift */ = {isa = PBXFileReference; fileEncoding = 4; lastKnownFileType = sourcecode.swift; path = API.swift; sourceTree = "<group>"; };
/* End PBXFileReference section */

/* Begin PBXFrameworksBuildPhase section */
		2FF6108027A5A74E000D4A8B /* Frameworks */ = {
			isa = PBXFrameworksBuildPhase;
			buildActionMask = 2147483647;
			files = (
				2FF610F427A60FCF000D4A8B /* SDWebImageSwiftUI in Frameworks */,
				59A5AF722809DB3500554435 /* Apollo in Frameworks */,
			);
			runOnlyForDeploymentPostprocessing = 0;
		};
/* End PBXFrameworksBuildPhase section */

/* Begin PBXGroup section */
		23F5F9E428170A970080B9F0 /* Episodes */ = {
			isa = PBXGroup;
			children = (
				23F5F9E628170AB10080B9F0 /* EpisodesListItemView.swift */,
				23F5F9E528170AB10080B9F0 /* EpisodesListStore.swift */,
				23F5F9E728170AB10080B9F0 /* EpisodesListView.swift */,
			);
			name = Episodes;
			sourceTree = "<group>";
		};
		23F5F9EB28170ACD0080B9F0 /* Episode Detail */ = {
			isa = PBXGroup;
			children = (
				23F5F9ED28170AE20080B9F0 /* EpisodeDetailCharacterView.swift */,
				23F5F9EE28170AE20080B9F0 /* EpisodeDetailStore.swift */,
				23F5F9EC28170AE20080B9F0 /* EpisodeDetailView.swift */,
			);
			path = "Episode Detail";
			sourceTree = "<group>";
		};
		23F5F9F228170B3C0080B9F0 /* Core Data */ = {
			isa = PBXGroup;
			children = (
				23F5F9F328170B430080B9F0 /* Like+Mock.swift */,
			);
			path = "Core Data";
			sourceTree = "<group>";
		};
		23F5F9F528170B580080B9F0 /* Persistence */ = {
			isa = PBXGroup;
			children = (
				23F5FA1928170DA80080B9F0 /* RickAndMorty.xcdatamodeld */,
				23F5F9F828170B650080B9F0 /* CoreDataManager.swift */,
				23F5F9F928170B650080B9F0 /* EntityLiking.swift */,
				23F5F9F728170B650080B9F0 /* Likeable.swift */,
				23F5F9F628170B650080B9F0 /* NSManagedObject+Convenience.swift */,
			);
			path = Persistence;
			sourceTree = "<group>";
		};
		23F5FA0128170B740080B9F0 /* Likes */ = {
			isa = PBXGroup;
			children = (
				23F5FA0228170B870080B9F0 /* LikesItemView.swift */,
				23F5FA0428170B870080B9F0 /* LikesStore.swift */,
				23F5FA0328170B870080B9F0 /* LikesView.swift */,
			);
			path = Likes;
			sourceTree = "<group>";
		};
		23F5FA0828170BAD0080B9F0 /* Location Detail */ = {
			isa = PBXGroup;
			children = (
				23F5FA0B28170BCE0080B9F0 /* LocationDetailResidentView.swift */,
				23F5FA0A28170BCE0080B9F0 /* LocationDetailStore.swift */,
				23F5FA0C28170BCE0080B9F0 /* LocationDetailView.swift */,
			);
			path = "Location Detail";
			sourceTree = "<group>";
		};
		23F5FA0928170BB60080B9F0 /* Locations */ = {
			isa = PBXGroup;
			children = (
				23F5FA1228170BD40080B9F0 /* LocationsListitemView.swift */,
				23F5FA1028170BD40080B9F0 /* LocationsListStore.swift */,
				23F5FA1128170BD40080B9F0 /* LocationsListView.swift */,
			);
			path = Locations;
			sourceTree = "<group>";
		};
		23F5FA1C28170DB90080B9F0 /* Routers */ = {
			isa = PBXGroup;
			children = (
				23F5FA1D28170DC20080B9F0 /* CharactersRouter.swift */,
				23F5FA1E28170DC20080B9F0 /* EpisodesRouter.swift */,
				23F5FA1F28170DC20080B9F0 /* LocationsRouter.swift */,
			);
			path = Routers;
			sourceTree = "<group>";
		};
		2FF6107A27A5A74E000D4A8B = {
			isa = PBXGroup;
			children = (
				59906C532809D91700DBD96B /* Playgrounds */,
				2FF6108427A5A74E000D4A8B /* Products */,
				2FF6108527A5A74E000D4A8B /* RickAndMorty */,
			);
			sourceTree = "<group>";
		};
		2FF6108427A5A74E000D4A8B /* Products */ = {
			isa = PBXGroup;
			children = (
				2FF6108327A5A74E000D4A8B /* RickAndMorty.app */,
			);
			name = Products;
			sourceTree = "<group>";
		};
		2FF6108527A5A74E000D4A8B /* RickAndMorty */ = {
			isa = PBXGroup;
			children = (
				23F5FA1628170C1E0080B9F0 /* Likes.xcdatamodeld */,
				2FF610E927A5F5BA000D4A8B /* Info.plist */,
				2FF6109427A5A77B000D4A8B /* API */,
				2FF6112127A70608000D4A8B /* App */,
				2FF610B827A5D3BA000D4A8B /* DI */,
				59FF1988280AE9F400335E94 /* GraphQL */,
				2FF610BD27A5D4DA000D4A8B /* Logger */,
				2FF6109827A5A7C2000D4A8B /* Model */,
				23F5F9F528170B580080B9F0 /* Persistence */,
				2FF6108C27A5A74F000D4A8B /* Preview Content */,
				2FF610E727A5F56F000D4A8B /* Resources */,
				2FF610A427A5D198000D4A8B /* Scenes */,
				2FF610E427A5F317000D4A8B /* Styles */,
				2FF610C827A5E111000D4A8B /* Utilities */,
				2FF610E127A5F2B9000D4A8B /* Views */,
			);
			path = RickAndMorty;
			sourceTree = "<group>";
		};
		2FF6108C27A5A74F000D4A8B /* Preview Content */ = {
			isa = PBXGroup;
			children = (
				2FF6108D27A5A74F000D4A8B /* Preview Assets.xcassets */,
			);
			path = "Preview Content";
			sourceTree = "<group>";
		};
		2FF6109427A5A77B000D4A8B /* API */ = {
			isa = PBXGroup;
			children = (
				23F5FA1C28170DB90080B9F0 /* Routers */,
				2FF610A327A5A8CF000D4A8B /* Utilities */,
				23D1546A2817074700C13748 /* Endpoint.swift */,
				2FF610B427A5D2DB000D4A8B /* APIManager.swift */,
			);
			path = API;
			sourceTree = "<group>";
		};
		2FF6109827A5A7C2000D4A8B /* Model */ = {
			isa = PBXGroup;
			children = (
				23F5F9F228170B3C0080B9F0 /* Core Data */,
				23D1546F2817087200C13748 /* LikeType.swift */,
				2FF610C027A5DBFE000D4A8B /* Response */,
				2FF610C127A5DC07000D4A8B /* Domain */,
				2FF6109927A5A7D1000D4A8B /* Constants.swift */,
				2FF6112427A70B2C000D4A8B /* ProvidedData.swift */,
			);
			path = Model;
			sourceTree = "<group>";
		};
		2FF610A327A5A8CF000D4A8B /* Utilities */ = {
			isa = PBXGroup;
			children = (
				23D154672817072600C13748 /* HTTPHeader.swift */,
				23D154662817072600C13748 /* HTTPMethod.swift */,
				2FF610A127A5A8CB000D4A8B /* APIError.swift */,
			);
			path = Utilities;
			sourceTree = "<group>";
		};
		2FF610A427A5D198000D4A8B /* Scenes */ = {
			isa = PBXGroup;
			children = (
				2FF610A527A5D1AC000D4A8B /* Characters */,
				2FF610F527A6130E000D4A8B /* Character Detail */,
				23F5F9EB28170ACD0080B9F0 /* Episode Detail */,
				23F5F9E428170A970080B9F0 /* Episodes */,
				23F5FA0128170B740080B9F0 /* Likes */,
				23F5FA0928170BB60080B9F0 /* Locations */,
				23F5FA0828170BAD0080B9F0 /* Location Detail */,
				2FF6108827A5A74E000D4A8B /* ContentView.swift */,
			);
			path = Scenes;
			sourceTree = "<group>";
		};
		2FF610A527A5D1AC000D4A8B /* Characters */ = {
			isa = PBXGroup;
			children = (
				2FF610A927A5D1EC000D4A8B /* CharactersListView.swift */,
				2FF610B227A5D299000D4A8B /* CharactersListStore.swift */,
				2FF610C427A5DD38000D4A8B /* CharactersListRowItemView.swift */,
				2FF610F027A60C54000D4A8B /* CharactersListGridItemView.swift */,
			);
			path = Characters;
			sourceTree = "<group>";
		};
		2FF610B827A5D3BA000D4A8B /* DI */ = {
			isa = PBXGroup;
			children = (
				2FF610BB27A5D3D7000D4A8B /* DIContainer.swift */,
				2FF610B927A5D3C7000D4A8B /* Injected.swift */,
			);
			path = DI;
			sourceTree = "<group>";
		};
		2FF610BD27A5D4DA000D4A8B /* Logger */ = {
			isa = PBXGroup;
			children = (
				2FF610BE27A5D4E4000D4A8B /* Logger.swift */,
			);
			path = Logger;
			sourceTree = "<group>";
		};
		2FF610C027A5DBFE000D4A8B /* Response */ = {
			isa = PBXGroup;
			children = (
				2FF610C227A5DC17000D4A8B /* PaginatedResponse.swift */,
				2FF610C627A5E010000D4A8B /* PaginationInfo.swift */,
			);
			path = Response;
			sourceTree = "<group>";
		};
		2FF610C127A5DC07000D4A8B /* Domain */ = {
			isa = PBXGroup;
			children = (
				2FF610B627A5D37C000D4A8B /* Character.swift */,
				2FF6110527A6DED5000D4A8B /* CharacterOrigin.swift */,
				2FF6110727A6DF1F000D4A8B /* CharacterLocation.swift */,
				2FF610CF27A5E871000D4A8B /* Episode.swift */,
				2FF610DD27A5EEEC000D4A8B /* Location.swift */,
			);
			path = Domain;
			sourceTree = "<group>";
		};
		2FF610C827A5E111000D4A8B /* Utilities */ = {
			isa = PBXGroup;
			children = (
				2FF610C927A5E146000D4A8B /* URL+Convenience.swift */,
				2FF610D527A5EDDD000D4A8B /* OnFirstAppearViewModifier.swift */,
				2FF610F827A61468000D4A8B /* UINavigationController+BackButton.swift */,
				2FF6110927A6E1AA000D4A8B /* Alignment+Custom.swift */,
			);
			path = Utilities;
			sourceTree = "<group>";
		};
		2FF610E127A5F2B9000D4A8B /* Views */ = {
			isa = PBXGroup;
			children = (
				2FF610E227A5F2CD000D4A8B /* BackgroundGradientView.swift */,
			);
			path = Views;
			sourceTree = "<group>";
		};
		2FF610E427A5F317000D4A8B /* Styles */ = {
			isa = PBXGroup;
			children = (
				2FF610E527A5F325000D4A8B /* Color+App.swift */,
				2FF610EA27A5F5F2000D4A8B /* Font+App.swift */,
			);
			path = Styles;
			sourceTree = "<group>";
		};
		2FF610E727A5F56F000D4A8B /* Resources */ = {
			isa = PBXGroup;
			children = (
				2FF6108A27A5A74F000D4A8B /* Assets.xcassets */,
				2FF610E827A5F57C000D4A8B /* Fonts */,
			);
			path = Resources;
			sourceTree = "<group>";
		};
		2FF610E827A5F57C000D4A8B /* Fonts */ = {
			isa = PBXGroup;
			children = (
				2FF610EC27A5F6C1000D4A8B /* ClashDisplay.ttf */,
				2FF610ED27A5F6C1000D4A8B /* Satoshi.ttf */,
			);
			path = Fonts;
			sourceTree = "<group>";
		};
		2FF610F527A6130E000D4A8B /* Character Detail */ = {
			isa = PBXGroup;
			children = (
				2FF610F627A6131E000D4A8B /* CharacterDetailView.swift */,
				2FF610FD27A62013000D4A8B /* CharacterDetailStore.swift */,
				2FF6110327A6D118000D4A8B /* CharacterDetailEpisodeView.swift */,
			);
			path = "Character Detail";
			sourceTree = "<group>";
		};
		2FF6112127A70608000D4A8B /* App */ = {
			isa = PBXGroup;
			children = (
				2FF6108627A5A74E000D4A8B /* RickAndMortyApp.swift */,
			);
			path = App;
			sourceTree = "<group>";
		};
		59906C532809D91700DBD96B /* Playgrounds */ = {
			isa = PBXGroup;
			children = (
				59906C552809DA6C00DBD96B /* LectureGraphQL.playground */,
				59906C542809D96D00DBD96B /* LectureREST.playground */,
			);
			path = Playgrounds;
			sourceTree = "<group>";
		};
		59FF1988280AE9F400335E94 /* GraphQL */ = {
			isa = PBXGroup;
			children = (
				59FF198C280AEBF200335E94 /* API.swift */,
				59FF1989280AEA9C00335E94 /* Characters.graphql */,
			);
			path = GraphQL;
			sourceTree = "<group>";
		};
/* End PBXGroup section */

/* Begin PBXNativeTarget section */
		2FF6108227A5A74E000D4A8B /* RickAndMorty */ = {
			isa = PBXNativeTarget;
			buildConfigurationList = 2FF6109127A5A74F000D4A8B /* Build configuration list for PBXNativeTarget "RickAndMorty" */;
			buildPhases = (
				59FF198B280AEAF300335E94 /* Apollo */,
				2FF6107F27A5A74E000D4A8B /* Sources */,
				2FF6108027A5A74E000D4A8B /* Frameworks */,
				2FF6108127A5A74E000D4A8B /* Resources */,
			);
			buildRules = (
			);
			dependencies = (
			);
			name = RickAndMorty;
			packageProductDependencies = (
				2FF610F327A60FCF000D4A8B /* SDWebImageSwiftUI */,
				59A5AF712809DB3500554435 /* Apollo */,
			);
			productName = RickAndMorty;
			productReference = 2FF6108327A5A74E000D4A8B /* RickAndMorty.app */;
			productType = "com.apple.product-type.application";
		};
/* End PBXNativeTarget section */

/* Begin PBXProject section */
		2FF6107B27A5A74E000D4A8B /* Project object */ = {
			isa = PBXProject;
			attributes = {
				BuildIndependentTargetsInParallel = 1;
				LastSwiftUpdateCheck = 1320;
				LastUpgradeCheck = 1320;
				TargetAttributes = {
					2FF6108227A5A74E000D4A8B = {
						CreatedOnToolsVersion = 13.2.1;
					};
				};
			};
			buildConfigurationList = 2FF6107E27A5A74E000D4A8B /* Build configuration list for PBXProject "RickAndMorty" */;
			compatibilityVersion = "Xcode 13.0";
			developmentRegion = en;
			hasScannedForEncodings = 0;
			knownRegions = (
				en,
				Base,
			);
			mainGroup = 2FF6107A27A5A74E000D4A8B;
			packageReferences = (
				2FF610F227A60FCF000D4A8B /* XCRemoteSwiftPackageReference "SDWebImageSwiftUI" */,
				59A5AF702809DB3500554435 /* XCRemoteSwiftPackageReference "apollo-ios" */,
			);
			productRefGroup = 2FF6108427A5A74E000D4A8B /* Products */;
			projectDirPath = "";
			projectRoot = "";
			targets = (
				2FF6108227A5A74E000D4A8B /* RickAndMorty */,
			);
		};
/* End PBXProject section */

/* Begin PBXResourcesBuildPhase section */
		2FF6108127A5A74E000D4A8B /* Resources */ = {
			isa = PBXResourcesBuildPhase;
			buildActionMask = 2147483647;
			files = (
				2FF610EE27A5F6C1000D4A8B /* ClashDisplay.ttf in Resources */,
				2FF6108E27A5A74F000D4A8B /* Preview Assets.xcassets in Resources */,
				2FF610EF27A5F6C1000D4A8B /* Satoshi.ttf in Resources */,
				2FF6108B27A5A74F000D4A8B /* Assets.xcassets in Resources */,
			);
			runOnlyForDeploymentPostprocessing = 0;
		};
/* End PBXResourcesBuildPhase section */

/* Begin PBXShellScriptBuildPhase section */
		59FF198B280AEAF300335E94 /* Apollo */ = {
			isa = PBXShellScriptBuildPhase;
			buildActionMask = 2147483647;
			files = (
			);
			inputFileListPaths = (
			);
			inputPaths = (
			);
			name = Apollo;
			outputFileListPaths = (
			);
			outputPaths = (
			);
			runOnlyForDeploymentPostprocessing = 0;
			shellPath = /bin/sh;
			shellScript = "# Don't run this during index builds\nif [ $ACTION = \"indexbuild\" ]; then exit 0; fi\n\n# Go to the build root and search up the chain to find the Derived Data Path where the source packages are checked out.\nDERIVED_DATA_CANDIDATE=\"${BUILD_ROOT}\"\n\nwhile ! [ -d \"${DERIVED_DATA_CANDIDATE}/SourcePackages\" ]; do\n  if [ \"${DERIVED_DATA_CANDIDATE}\" = / ]; then\n    echo >&2 \"error: Unable to locate SourcePackages directory from BUILD_ROOT: '${BUILD_ROOT}'\"\n    exit 1\n  fi\n\n  DERIVED_DATA_CANDIDATE=\"$(dirname \"${DERIVED_DATA_CANDIDATE}\")\"\ndone\n\n# Grab a reference to the directory where scripts are checked out\nSCRIPT_PATH=\"${DERIVED_DATA_CANDIDATE}/SourcePackages/checkouts/apollo-ios/scripts\"\n\nif [ -z \"${SCRIPT_PATH}\" ]; then\n    echo >&2 \"error: Couldn't find the CLI script in your checked out SPM packages; make sure to add the framework to your project.\"\n    exit 1\nfi\n\ncd \"${SRCROOT}/${TARGET_NAME}/GraphQL\"\n\n\"${SCRIPT_PATH}\"/run-bundled-codegen.sh schema:download --endpoint=\"https://rickandmortyapi.com/graphql\"\n\n\"${SCRIPT_PATH}\"/run-bundled-codegen.sh codegen:generate --target=swift --includes=./**/*.graphql --localSchemaFile=\"schema.json\" API.swift\n";
		};
/* End PBXShellScriptBuildPhase section */

/* Begin PBXSourcesBuildPhase section */
		2FF6107F27A5A74E000D4A8B /* Sources */ = {
			isa = PBXSourcesBuildPhase;
			buildActionMask = 2147483647;
			files = (
				23F5FA0528170B870080B9F0 /* LikesItemView.swift in Sources */,
				2FF610E327A5F2CD000D4A8B /* BackgroundGradientView.swift in Sources */,
				23F5FA1828170C1E0080B9F0 /* Likes.xcdatamodeld in Sources */,
				2FF610F927A61468000D4A8B /* UINavigationController+BackButton.swift in Sources */,
				2FF6108927A5A74E000D4A8B /* ContentView.swift in Sources */,
				23F5F9E828170AB10080B9F0 /* EpisodesListStore.swift in Sources */,
				2FF610EB27A5F5F2000D4A8B /* Font+App.swift in Sources */,
				2FF6110827A6DF1F000D4A8B /* CharacterLocation.swift in Sources */,
				2FF6112527A70B2C000D4A8B /* ProvidedData.swift in Sources */,
				23F5FA1528170BD40080B9F0 /* LocationsListitemView.swift in Sources */,
				2FF610F127A60C54000D4A8B /* CharactersListGridItemView.swift in Sources */,
				2FF6110427A6D118000D4A8B /* CharacterDetailEpisodeView.swift in Sources */,
				2FF610C327A5DC17000D4A8B /* PaginatedResponse.swift in Sources */,
				2FF610C727A5E010000D4A8B /* PaginationInfo.swift in Sources */,
				2FF6108727A5A74E000D4A8B /* RickAndMortyApp.swift in Sources */,
				2FF610C527A5DD38000D4A8B /* CharactersListRowItemView.swift in Sources */,
				23F5FA0F28170BCE0080B9F0 /* LocationDetailView.swift in Sources */,
				23F5FA0D28170BCE0080B9F0 /* LocationDetailStore.swift in Sources */,
				23D154682817072600C13748 /* HTTPMethod.swift in Sources */,
				23F5F9FF28170B650080B9F0 /* EntityLiking.swift in Sources */,
				2FF610BC27A5D3D7000D4A8B /* DIContainer.swift in Sources */,
				2FF610E627A5F325000D4A8B /* Color+App.swift in Sources */,
				23F5F9F428170B430080B9F0 /* Like+Mock.swift in Sources */,
				2FF6110627A6DED5000D4A8B /* CharacterOrigin.swift in Sources */,
				2FF610B527A5D2DB000D4A8B /* APIManager.swift in Sources */,
				2FF610CA27A5E146000D4A8B /* URL+Convenience.swift in Sources */,
				2FF6109A27A5A7D1000D4A8B /* Constants.swift in Sources */,
				2FF610AA27A5D1EC000D4A8B /* CharactersListView.swift in Sources */,
				2FF6110A27A6E1AA000D4A8B /* Alignment+Custom.swift in Sources */,
				23F5F9F028170AE20080B9F0 /* EpisodeDetailCharacterView.swift in Sources */,
				23F5FA2128170DC20080B9F0 /* EpisodesRouter.swift in Sources */,
				23F5F9EA28170AB10080B9F0 /* EpisodesListView.swift in Sources */,
				2FF610D627A5EDDD000D4A8B /* OnFirstAppearViewModifier.swift in Sources */,
				23F5FA2228170DC20080B9F0 /* LocationsRouter.swift in Sources */,
				23F5F9EF28170AE20080B9F0 /* EpisodeDetailView.swift in Sources */,
				2FF610A227A5A8CB000D4A8B /* APIError.swift in Sources */,
				2FF610FE27A62013000D4A8B /* CharacterDetailStore.swift in Sources */,
				59FF198D280AEBF200335E94 /* API.swift in Sources */,
				2FF610F727A6131E000D4A8B /* CharacterDetailView.swift in Sources */,
				2FF610DE27A5EEEC000D4A8B /* Location.swift in Sources */,
				2FF610BF27A5D4E4000D4A8B /* Logger.swift in Sources */,
				23F5F9FE28170B650080B9F0 /* CoreDataManager.swift in Sources */,
				23F5FA0628170B870080B9F0 /* LikesView.swift in Sources */,
				2FF610B727A5D37C000D4A8B /* Character.swift in Sources */,
				23F5FA2028170DC20080B9F0 /* CharactersRouter.swift in Sources */,
				23F5F9FC28170B650080B9F0 /* NSManagedObject+Convenience.swift in Sources */,
				23F5FA1328170BD40080B9F0 /* LocationsListStore.swift in Sources */,
				2FF610B327A5D299000D4A8B /* CharactersListStore.swift in Sources */,
				23F5F9F128170AE20080B9F0 /* EpisodeDetailStore.swift in Sources */,
				23F5FA1428170BD40080B9F0 /* LocationsListView.swift in Sources */,
				23D154692817072600C13748 /* HTTPHeader.swift in Sources */,
				23F5F9FD28170B650080B9F0 /* Likeable.swift in Sources */,
				23D154712817087200C13748 /* LikeType.swift in Sources */,
				23F5FA1B28170DA80080B9F0 /* RickAndMorty.xcdatamodeld in Sources */,
				2FF610D027A5E871000D4A8B /* Episode.swift in Sources */,
				23F5FA0728170B870080B9F0 /* LikesStore.swift in Sources */,
				23F5FA0E28170BCE0080B9F0 /* LocationDetailResidentView.swift in Sources */,
				23D1546C2817074800C13748 /* Endpoint.swift in Sources */,
				23F5F9E928170AB10080B9F0 /* EpisodesListItemView.swift in Sources */,
				2FF610BA27A5D3C7000D4A8B /* Injected.swift in Sources */,
			);
			runOnlyForDeploymentPostprocessing = 0;
		};
/* End PBXSourcesBuildPhase section */

/* Begin XCBuildConfiguration section */
		2FF6108F27A5A74F000D4A8B /* Debug */ = {
			isa = XCBuildConfiguration;
			buildSettings = {
				ALWAYS_SEARCH_USER_PATHS = NO;
				CLANG_ANALYZER_NONNULL = YES;
				CLANG_ANALYZER_NUMBER_OBJECT_CONVERSION = YES_AGGRESSIVE;
				CLANG_CXX_LANGUAGE_STANDARD = "gnu++17";
				CLANG_CXX_LIBRARY = "libc++";
				CLANG_ENABLE_MODULES = YES;
				CLANG_ENABLE_OBJC_ARC = YES;
				CLANG_ENABLE_OBJC_WEAK = YES;
				CLANG_WARN_BLOCK_CAPTURE_AUTORELEASING = YES;
				CLANG_WARN_BOOL_CONVERSION = YES;
				CLANG_WARN_COMMA = YES;
				CLANG_WARN_CONSTANT_CONVERSION = YES;
				CLANG_WARN_DEPRECATED_OBJC_IMPLEMENTATIONS = YES;
				CLANG_WARN_DIRECT_OBJC_ISA_USAGE = YES_ERROR;
				CLANG_WARN_DOCUMENTATION_COMMENTS = YES;
				CLANG_WARN_EMPTY_BODY = YES;
				CLANG_WARN_ENUM_CONVERSION = YES;
				CLANG_WARN_INFINITE_RECURSION = YES;
				CLANG_WARN_INT_CONVERSION = YES;
				CLANG_WARN_NON_LITERAL_NULL_CONVERSION = YES;
				CLANG_WARN_OBJC_IMPLICIT_RETAIN_SELF = YES;
				CLANG_WARN_OBJC_LITERAL_CONVERSION = YES;
				CLANG_WARN_OBJC_ROOT_CLASS = YES_ERROR;
				CLANG_WARN_QUOTED_INCLUDE_IN_FRAMEWORK_HEADER = YES;
				CLANG_WARN_RANGE_LOOP_ANALYSIS = YES;
				CLANG_WARN_STRICT_PROTOTYPES = YES;
				CLANG_WARN_SUSPICIOUS_MOVE = YES;
				CLANG_WARN_UNGUARDED_AVAILABILITY = YES_AGGRESSIVE;
				CLANG_WARN_UNREACHABLE_CODE = YES;
				CLANG_WARN__DUPLICATE_METHOD_MATCH = YES;
				COPY_PHASE_STRIP = NO;
				DEBUG_INFORMATION_FORMAT = dwarf;
				ENABLE_STRICT_OBJC_MSGSEND = YES;
				ENABLE_TESTABILITY = YES;
				GCC_C_LANGUAGE_STANDARD = gnu11;
				GCC_DYNAMIC_NO_PIC = NO;
				GCC_NO_COMMON_BLOCKS = YES;
				GCC_OPTIMIZATION_LEVEL = 0;
				GCC_PREPROCESSOR_DEFINITIONS = (
					"DEBUG=1",
					"$(inherited)",
				);
				GCC_WARN_64_TO_32_BIT_CONVERSION = YES;
				GCC_WARN_ABOUT_RETURN_TYPE = YES_ERROR;
				GCC_WARN_UNDECLARED_SELECTOR = YES;
				GCC_WARN_UNINITIALIZED_AUTOS = YES_AGGRESSIVE;
				GCC_WARN_UNUSED_FUNCTION = YES;
				GCC_WARN_UNUSED_VARIABLE = YES;
				IPHONEOS_DEPLOYMENT_TARGET = 15.2;
				MTL_ENABLE_DEBUG_INFO = INCLUDE_SOURCE;
				MTL_FAST_MATH = YES;
				ONLY_ACTIVE_ARCH = YES;
				SDKROOT = iphoneos;
				SWIFT_ACTIVE_COMPILATION_CONDITIONS = DEBUG;
				SWIFT_OPTIMIZATION_LEVEL = "-Onone";
			};
			name = Debug;
		};
		2FF6109027A5A74F000D4A8B /* Release */ = {
			isa = XCBuildConfiguration;
			buildSettings = {
				ALWAYS_SEARCH_USER_PATHS = NO;
				CLANG_ANALYZER_NONNULL = YES;
				CLANG_ANALYZER_NUMBER_OBJECT_CONVERSION = YES_AGGRESSIVE;
				CLANG_CXX_LANGUAGE_STANDARD = "gnu++17";
				CLANG_CXX_LIBRARY = "libc++";
				CLANG_ENABLE_MODULES = YES;
				CLANG_ENABLE_OBJC_ARC = YES;
				CLANG_ENABLE_OBJC_WEAK = YES;
				CLANG_WARN_BLOCK_CAPTURE_AUTORELEASING = YES;
				CLANG_WARN_BOOL_CONVERSION = YES;
				CLANG_WARN_COMMA = YES;
				CLANG_WARN_CONSTANT_CONVERSION = YES;
				CLANG_WARN_DEPRECATED_OBJC_IMPLEMENTATIONS = YES;
				CLANG_WARN_DIRECT_OBJC_ISA_USAGE = YES_ERROR;
				CLANG_WARN_DOCUMENTATION_COMMENTS = YES;
				CLANG_WARN_EMPTY_BODY = YES;
				CLANG_WARN_ENUM_CONVERSION = YES;
				CLANG_WARN_INFINITE_RECURSION = YES;
				CLANG_WARN_INT_CONVERSION = YES;
				CLANG_WARN_NON_LITERAL_NULL_CONVERSION = YES;
				CLANG_WARN_OBJC_IMPLICIT_RETAIN_SELF = YES;
				CLANG_WARN_OBJC_LITERAL_CONVERSION = YES;
				CLANG_WARN_OBJC_ROOT_CLASS = YES_ERROR;
				CLANG_WARN_QUOTED_INCLUDE_IN_FRAMEWORK_HEADER = YES;
				CLANG_WARN_RANGE_LOOP_ANALYSIS = YES;
				CLANG_WARN_STRICT_PROTOTYPES = YES;
				CLANG_WARN_SUSPICIOUS_MOVE = YES;
				CLANG_WARN_UNGUARDED_AVAILABILITY = YES_AGGRESSIVE;
				CLANG_WARN_UNREACHABLE_CODE = YES;
				CLANG_WARN__DUPLICATE_METHOD_MATCH = YES;
				COPY_PHASE_STRIP = NO;
				DEBUG_INFORMATION_FORMAT = "dwarf-with-dsym";
				ENABLE_NS_ASSERTIONS = NO;
				ENABLE_STRICT_OBJC_MSGSEND = YES;
				GCC_C_LANGUAGE_STANDARD = gnu11;
				GCC_NO_COMMON_BLOCKS = YES;
				GCC_WARN_64_TO_32_BIT_CONVERSION = YES;
				GCC_WARN_ABOUT_RETURN_TYPE = YES_ERROR;
				GCC_WARN_UNDECLARED_SELECTOR = YES;
				GCC_WARN_UNINITIALIZED_AUTOS = YES_AGGRESSIVE;
				GCC_WARN_UNUSED_FUNCTION = YES;
				GCC_WARN_UNUSED_VARIABLE = YES;
				IPHONEOS_DEPLOYMENT_TARGET = 15.2;
				MTL_ENABLE_DEBUG_INFO = NO;
				MTL_FAST_MATH = YES;
				SDKROOT = iphoneos;
				SWIFT_COMPILATION_MODE = wholemodule;
				SWIFT_OPTIMIZATION_LEVEL = "-O";
				VALIDATE_PRODUCT = YES;
			};
			name = Release;
		};
		2FF6109227A5A74F000D4A8B /* Debug */ = {
			isa = XCBuildConfiguration;
			buildSettings = {
				ASSETCATALOG_COMPILER_APPICON_NAME = AppIcon;
				ASSETCATALOG_COMPILER_GLOBAL_ACCENT_COLOR_NAME = AccentColor;
				CODE_SIGN_STYLE = Automatic;
				CURRENT_PROJECT_VERSION = 1;
				DEVELOPMENT_ASSET_PATHS = "\"RickAndMorty/Preview Content\"";
				DEVELOPMENT_TEAM = VKFK92G6KE;
				ENABLE_PREVIEWS = YES;
				GENERATE_INFOPLIST_FILE = YES;
				INFOPLIST_FILE = RickAndMorty/Info.plist;
				INFOPLIST_KEY_UIApplicationSceneManifest_Generation = YES;
				INFOPLIST_KEY_UIApplicationSupportsIndirectInputEvents = YES;
				INFOPLIST_KEY_UILaunchScreen_Generation = YES;
				INFOPLIST_KEY_UISupportedInterfaceOrientations_iPad = "UIInterfaceOrientationPortrait UIInterfaceOrientationPortraitUpsideDown UIInterfaceOrientationLandscapeLeft UIInterfaceOrientationLandscapeRight";
				INFOPLIST_KEY_UISupportedInterfaceOrientations_iPhone = "UIInterfaceOrientationPortrait UIInterfaceOrientationLandscapeLeft UIInterfaceOrientationLandscapeRight";
				LD_RUNPATH_SEARCH_PATHS = (
					"$(inherited)",
					"@executable_path/Frameworks",
				);
				MARKETING_VERSION = 1.0;
				PRODUCT_BUNDLE_IDENTIFIER = com.jankaltoun.RickAndMorty;
				PRODUCT_NAME = "$(TARGET_NAME)";
				SWIFT_EMIT_LOC_STRINGS = YES;
				SWIFT_VERSION = 5.0;
				TARGETED_DEVICE_FAMILY = "1,2";
			};
			name = Debug;
		};
		2FF6109327A5A74F000D4A8B /* Release */ = {
			isa = XCBuildConfiguration;
			buildSettings = {
				ASSETCATALOG_COMPILER_APPICON_NAME = AppIcon;
				ASSETCATALOG_COMPILER_GLOBAL_ACCENT_COLOR_NAME = AccentColor;
				CODE_SIGN_STYLE = Automatic;
				CURRENT_PROJECT_VERSION = 1;
				DEVELOPMENT_ASSET_PATHS = "\"RickAndMorty/Preview Content\"";
				DEVELOPMENT_TEAM = VKFK92G6KE;
				ENABLE_PREVIEWS = YES;
				GENERATE_INFOPLIST_FILE = YES;
				INFOPLIST_FILE = RickAndMorty/Info.plist;
				INFOPLIST_KEY_UIApplicationSceneManifest_Generation = YES;
				INFOPLIST_KEY_UIApplicationSupportsIndirectInputEvents = YES;
				INFOPLIST_KEY_UILaunchScreen_Generation = YES;
				INFOPLIST_KEY_UISupportedInterfaceOrientations_iPad = "UIInterfaceOrientationPortrait UIInterfaceOrientationPortraitUpsideDown UIInterfaceOrientationLandscapeLeft UIInterfaceOrientationLandscapeRight";
				INFOPLIST_KEY_UISupportedInterfaceOrientations_iPhone = "UIInterfaceOrientationPortrait UIInterfaceOrientationLandscapeLeft UIInterfaceOrientationLandscapeRight";
				LD_RUNPATH_SEARCH_PATHS = (
					"$(inherited)",
					"@executable_path/Frameworks",
				);
				MARKETING_VERSION = 1.0;
				PRODUCT_BUNDLE_IDENTIFIER = com.jankaltoun.RickAndMorty;
				PRODUCT_NAME = "$(TARGET_NAME)";
				SWIFT_EMIT_LOC_STRINGS = YES;
				SWIFT_VERSION = 5.0;
				TARGETED_DEVICE_FAMILY = "1,2";
			};
			name = Release;
		};
/* End XCBuildConfiguration section */

/* Begin XCConfigurationList section */
		2FF6107E27A5A74E000D4A8B /* Build configuration list for PBXProject "RickAndMorty" */ = {
			isa = XCConfigurationList;
			buildConfigurations = (
				2FF6108F27A5A74F000D4A8B /* Debug */,
				2FF6109027A5A74F000D4A8B /* Release */,
			);
			defaultConfigurationIsVisible = 0;
			defaultConfigurationName = Release;
		};
		2FF6109127A5A74F000D4A8B /* Build configuration list for PBXNativeTarget "RickAndMorty" */ = {
			isa = XCConfigurationList;
			buildConfigurations = (
				2FF6109227A5A74F000D4A8B /* Debug */,
				2FF6109327A5A74F000D4A8B /* Release */,
			);
			defaultConfigurationIsVisible = 0;
			defaultConfigurationName = Release;
		};
/* End XCConfigurationList section */

/* Begin XCRemoteSwiftPackageReference section */
		2FF610F227A60FCF000D4A8B /* XCRemoteSwiftPackageReference "SDWebImageSwiftUI" */ = {
			isa = XCRemoteSwiftPackageReference;
			repositoryURL = "https://github.com/SDWebImage/SDWebImageSwiftUI";
			requirement = {
				kind = upToNextMajorVersion;
				minimumVersion = 2.0.0;
			};
		};
		59A5AF702809DB3500554435 /* XCRemoteSwiftPackageReference "apollo-ios" */ = {
			isa = XCRemoteSwiftPackageReference;
			repositoryURL = "https://github.com/apollographql/apollo-ios";
			requirement = {
				kind = exactVersion;
				version = 0.51.2;
			};
		};
/* End XCRemoteSwiftPackageReference section */

/* Begin XCSwiftPackageProductDependency section */
		2FF610F327A60FCF000D4A8B /* SDWebImageSwiftUI */ = {
			isa = XCSwiftPackageProductDependency;
			package = 2FF610F227A60FCF000D4A8B /* XCRemoteSwiftPackageReference "SDWebImageSwiftUI" */;
			productName = SDWebImageSwiftUI;
		};
		59A5AF712809DB3500554435 /* Apollo */ = {
			isa = XCSwiftPackageProductDependency;
			package = 59A5AF702809DB3500554435 /* XCRemoteSwiftPackageReference "apollo-ios" */;
			productName = Apollo;
		};
/* End XCSwiftPackageProductDependency section */

/* Begin XCVersionGroup section */
		23F5FA1628170C1E0080B9F0 /* Likes.xcdatamodeld */ = {
			isa = XCVersionGroup;
			children = (
				23F5FA1728170C1E0080B9F0 /* Likes.xcdatamodel */,
			);
			currentVersion = 23F5FA1728170C1E0080B9F0 /* Likes.xcdatamodel */;
			path = Likes.xcdatamodeld;
			sourceTree = "<group>";
			versionGroupType = wrapper.xcdatamodel;
		};
		23F5FA1928170DA80080B9F0 /* RickAndMorty.xcdatamodeld */ = {
			isa = XCVersionGroup;
			children = (
				23F5FA1A28170DA80080B9F0 /* RickAndMorty.xcdatamodel */,
			);
			currentVersion = 23F5FA1A28170DA80080B9F0 /* RickAndMorty.xcdatamodel */;
			path = RickAndMorty.xcdatamodeld;
			sourceTree = "<group>";
			versionGroupType = wrapper.xcdatamodel;
		};
/* End XCVersionGroup section */
	};
	rootObject = 2FF6107B27A5A74E000D4A8B /* Project object */;
}
